
Microsoft Visual Studio Solution File, Format Version 12.00
# Visual Studio Version 16
VisualStudioVersion = 16.0.33130.400
MinimumVisualStudioVersion = 10.0.40219.1
Project("{FAE04EC0-301F-11D3-BF4B-00C04F79EFBC}") = "Shifting", "Shifting\Shifting.csproj", "{64167120-FDF2-404A-945E-7EA594027622}"
EndProject
Global
	GlobalSection(SolutionConfigurationPlatforms) = preSolution
		Debug|Any CPU = Debug|Any CPU
		Release|Any CPU = Release|Any CPU
	EndGlobalSection
	GlobalSection(ProjectConfigurationPlatforms) = postSolution
		{64167120-FDF2-404A-945E-7EA594027622}.Debug|Any CPU.ActiveCfg = Debug|Any CPU
		{64167120-FDF2-404A-945E-7EA594027622}.Debug|Any CPU.Build.0 = Debug|Any CPU
		{64167120-FDF2-404A-945E-7EA594027622}.Release|Any CPU.ActiveCfg = Release|Any CPU
		{64167120-FDF2-404A-945E-7EA594027622}.Release|Any CPU.Build.0 = Release|Any CPU
	EndGlobalSection
	GlobalSection(SolutionProperties) = preSolution
		HideSolutionNode = FALSE
	EndGlobalSection
	GlobalSection(ExtensibilityGlobals) = postSolution
		SolutionGuid = {6A51BE40-CBC3-454E-8C7E-9EA9590344BC}
	EndGlobalSection
EndGlobal
